<?xml version="1.0" encoding="utf-8"?>
<Project ToolsVersion="4.0" xmlns="http://schemas.microsoft.com/developer/msbuild/2003">
  <ItemGroup>
    <ClInclude Include="l_system_app.h" />
    <ClInclude Include="tree_recipe.h" />
    <ClInclude Include="l_system_tree.h" />
  </ItemGroup>
  <ItemGroup>
    <ClCompile Include="mainifest.cpp" />
  </ItemGroup>
</Project>